// !$*UTF8*$!
{
	archiveVersion = 1;
	classes = {
	};
	objectVersion = 55;
	objects = {

/* Begin PBXBuildFile section */
		980BDF052922E73E00FF098E /* TimePartTests.swift in Sources */ = {isa = PBXBuildFile; fileRef = 980BDF042922E73E00FF098E /* TimePartTests.swift */; };
		980BDF072922E7EF00FF098E /* TimePart.swift in Sources */ = {isa = PBXBuildFile; fileRef = 980BDF062922E7EF00FF098E /* TimePart.swift */; };
		980BDF092922F0B500FF098E /* WorkdayBuilderTests.swift in Sources */ = {isa = PBXBuildFile; fileRef = 980BDF082922F0B500FF098E /* WorkdayBuilderTests.swift */; };
		980BDF132922F5D300FF098E /* WorkdayBuilder.swift in Sources */ = {isa = PBXBuildFile; fileRef = 980BDF122922F5D300FF098E /* WorkdayBuilder.swift */; };
		980BDF152922F67000FF098E /* ConcreteWorkdayBuilder.swift in Sources */ = {isa = PBXBuildFile; fileRef = 980BDF142922F67000FF098E /* ConcreteWorkdayBuilder.swift */; };
		986E70DD2928E5AD00FA080A /* WorkdayTableViewController.swift in Sources */ = {isa = PBXBuildFile; fileRef = 986E70DC2928E5AD00FA080A /* WorkdayTableViewController.swift */; };
		98AA39B028EE2CA500F34D0B /* AppDelegate.swift in Sources */ = {isa = PBXBuildFile; fileRef = 98AA39AF28EE2CA500F34D0B /* AppDelegate.swift */; };
		98AA39B228EE2CA500F34D0B /* SceneDelegate.swift in Sources */ = {isa = PBXBuildFile; fileRef = 98AA39B128EE2CA500F34D0B /* SceneDelegate.swift */; };
		98AA39B428EE2CA500F34D0B /* ViewController.swift in Sources */ = {isa = PBXBuildFile; fileRef = 98AA39B328EE2CA500F34D0B /* ViewController.swift */; };
		98AA39B728EE2CA500F34D0B /* Main.storyboard in Resources */ = {isa = PBXBuildFile; fileRef = 98AA39B528EE2CA500F34D0B /* Main.storyboard */; };
		98AA39B928EE2CA600F34D0B /* Assets.xcassets in Resources */ = {isa = PBXBuildFile; fileRef = 98AA39B828EE2CA600F34D0B /* Assets.xcassets */; };
		98AA39BC28EE2CA600F34D0B /* LaunchScreen.storyboard in Resources */ = {isa = PBXBuildFile; fileRef = 98AA39BA28EE2CA600F34D0B /* LaunchScreen.storyboard */; };
		98AA39C728EE2CA600F34D0B /* NineTillFiveTests.swift in Sources */ = {isa = PBXBuildFile; fileRef = 98AA39C628EE2CA600F34D0B /* NineTillFiveTests.swift */; };
		98AA39D128EE2CA600F34D0B /* NineTillFiveUITests.swift in Sources */ = {isa = PBXBuildFile; fileRef = 98AA39D028EE2CA600F34D0B /* NineTillFiveUITests.swift */; };
		98AA39D328EE2CA600F34D0B /* NineTillFiveUITestsLaunchTests.swift in Sources */ = {isa = PBXBuildFile; fileRef = 98AA39D228EE2CA600F34D0B /* NineTillFiveUITestsLaunchTests.swift */; };
		98AA39E128EE346200F34D0B /* Workday.swift in Sources */ = {isa = PBXBuildFile; fileRef = 98AA39E028EE346200F34D0B /* Workday.swift */; };
		98AA39E328EE3B9A00F34D0B /* WordayTests.swift in Sources */ = {isa = PBXBuildFile; fileRef = 98AA39E228EE3B9A00F34D0B /* WordayTests.swift */; };
/* End PBXBuildFile section */

/* Begin PBXContainerItemProxy section */
		98AA39C328EE2CA600F34D0B /* PBXContainerItemProxy */ = {
			isa = PBXContainerItemProxy;
			containerPortal = 98AA39A428EE2CA500F34D0B /* Project object */;
			proxyType = 1;
			remoteGlobalIDString = 98AA39AB28EE2CA500F34D0B;
			remoteInfo = NineTillFive;
		};
		98AA39CD28EE2CA600F34D0B /* PBXContainerItemProxy */ = {
			isa = PBXContainerItemProxy;
			containerPortal = 98AA39A428EE2CA500F34D0B /* Project object */;
			proxyType = 1;
			remoteGlobalIDString = 98AA39AB28EE2CA500F34D0B;
			remoteInfo = NineTillFive;
		};
/* End PBXContainerItemProxy section */

/* Begin PBXFileReference section */
		980BDF042922E73E00FF098E /* TimePartTests.swift */ = {isa = PBXFileReference; lastKnownFileType = sourcecode.swift; path = TimePartTests.swift; sourceTree = "<group>"; };
		980BDF062922E7EF00FF098E /* TimePart.swift */ = {isa = PBXFileReference; lastKnownFileType = sourcecode.swift; path = TimePart.swift; sourceTree = "<group>"; };
		980BDF082922F0B500FF098E /* WorkdayBuilderTests.swift */ = {isa = PBXFileReference; lastKnownFileType = sourcecode.swift; path = WorkdayBuilderTests.swift; sourceTree = "<group>"; };
		980BDF122922F5D300FF098E /* WorkdayBuilder.swift */ = {isa = PBXFileReference; lastKnownFileType = sourcecode.swift; path = WorkdayBuilder.swift; sourceTree = "<group>"; };
		980BDF142922F67000FF098E /* ConcreteWorkdayBuilder.swift */ = {isa = PBXFileReference; lastKnownFileType = sourcecode.swift; path = ConcreteWorkdayBuilder.swift; sourceTree = "<group>"; };
		986E70DC2928E5AD00FA080A /* WorkdayTableViewController.swift */ = {isa = PBXFileReference; lastKnownFileType = sourcecode.swift; path = WorkdayTableViewController.swift; sourceTree = "<group>"; };
		98AA39AC28EE2CA500F34D0B /* NineTillFive.app */ = {isa = PBXFileReference; explicitFileType = wrapper.application; includeInIndex = 0; path = NineTillFive.app; sourceTree = BUILT_PRODUCTS_DIR; };
		98AA39AF28EE2CA500F34D0B /* AppDelegate.swift */ = {isa = PBXFileReference; lastKnownFileType = sourcecode.swift; path = AppDelegate.swift; sourceTree = "<group>"; };
		98AA39B128EE2CA500F34D0B /* SceneDelegate.swift */ = {isa = PBXFileReference; lastKnownFileType = sourcecode.swift; path = SceneDelegate.swift; sourceTree = "<group>"; };
		98AA39B328EE2CA500F34D0B /* ViewController.swift */ = {isa = PBXFileReference; lastKnownFileType = sourcecode.swift; path = ViewController.swift; sourceTree = "<group>"; };
		98AA39B628EE2CA500F34D0B /* Base */ = {isa = PBXFileReference; lastKnownFileType = file.storyboard; name = Base; path = Base.lproj/Main.storyboard; sourceTree = "<group>"; };
		98AA39B828EE2CA600F34D0B /* Assets.xcassets */ = {isa = PBXFileReference; lastKnownFileType = folder.assetcatalog; path = Assets.xcassets; sourceTree = "<group>"; };
		98AA39BB28EE2CA600F34D0B /* Base */ = {isa = PBXFileReference; lastKnownFileType = file.storyboard; name = Base; path = Base.lproj/LaunchScreen.storyboard; sourceTree = "<group>"; };
		98AA39BD28EE2CA600F34D0B /* Info.plist */ = {isa = PBXFileReference; lastKnownFileType = text.plist.xml; path = Info.plist; sourceTree = "<group>"; };
		98AA39C228EE2CA600F34D0B /* NineTillFiveTests.xctest */ = {isa = PBXFileReference; explicitFileType = wrapper.cfbundle; includeInIndex = 0; path = NineTillFiveTests.xctest; sourceTree = BUILT_PRODUCTS_DIR; };
		98AA39C628EE2CA600F34D0B /* NineTillFiveTests.swift */ = {isa = PBXFileReference; lastKnownFileType = sourcecode.swift; path = NineTillFiveTests.swift; sourceTree = "<group>"; };
		98AA39CC28EE2CA600F34D0B /* NineTillFiveUITests.xctest */ = {isa = PBXFileReference; explicitFileType = wrapper.cfbundle; includeInIndex = 0; path = NineTillFiveUITests.xctest; sourceTree = BUILT_PRODUCTS_DIR; };
		98AA39D028EE2CA600F34D0B /* NineTillFiveUITests.swift */ = {isa = PBXFileReference; lastKnownFileType = sourcecode.swift; path = NineTillFiveUITests.swift; sourceTree = "<group>"; };
		98AA39D228EE2CA600F34D0B /* NineTillFiveUITestsLaunchTests.swift */ = {isa = PBXFileReference; lastKnownFileType = sourcecode.swift; path = NineTillFiveUITestsLaunchTests.swift; sourceTree = "<group>"; };
		98AA39E028EE346200F34D0B /* Workday.swift */ = {isa = PBXFileReference; lastKnownFileType = sourcecode.swift; path = Workday.swift; sourceTree = "<group>"; };
		98AA39E228EE3B9A00F34D0B /* WordayTests.swift */ = {isa = PBXFileReference; lastKnownFileType = sourcecode.swift; path = WordayTests.swift; sourceTree = "<group>"; };
/* End PBXFileReference section */

/* Begin PBXFrameworksBuildPhase section */
		98AA39A928EE2CA500F34D0B /* Frameworks */ = {
			isa = PBXFrameworksBuildPhase;
			buildActionMask = 2147483647;
			files = (
			);
			runOnlyForDeploymentPostprocessing = 0;
		};
		98AA39BF28EE2CA600F34D0B /* Frameworks */ = {
			isa = PBXFrameworksBuildPhase;
			buildActionMask = 2147483647;
			files = (
			);
			runOnlyForDeploymentPostprocessing = 0;
		};
		98AA39C928EE2CA600F34D0B /* Frameworks */ = {
			isa = PBXFrameworksBuildPhase;
			buildActionMask = 2147483647;
			files = (
			);
			runOnlyForDeploymentPostprocessing = 0;
		};
/* End PBXFrameworksBuildPhase section */

/* Begin PBXGroup section */
		980BDF0C2922F29800FF098E /* Builders */ = {
			isa = PBXGroup;
			children = (
				980BDF122922F5D300FF098E /* WorkdayBuilder.swift */,
				980BDF142922F67000FF098E /* ConcreteWorkdayBuilder.swift */,
			);
			path = Builders;
			sourceTree = "<group>";
		};
		986C0C07292839FD00093680 /* ViewController */ = {
			isa = PBXGroup;
			children = (
				98AA39B328EE2CA500F34D0B /* ViewController.swift */,
			);
			name = ViewController;
			sourceTree = "<group>";
		};
		986E70DB2928E58D00FA080A /* TableViewControllers */ = {
			isa = PBXGroup;
			children = (
				986E70DC2928E5AD00FA080A /* WorkdayTableViewController.swift */,
			);
			path = TableViewControllers;
			sourceTree = "<group>";
		};
		98AA39A328EE2CA500F34D0B = {
			isa = PBXGroup;
			children = (
				98AA39AE28EE2CA500F34D0B /* NineTillFive */,
				98AA39C528EE2CA600F34D0B /* NineTillFiveTests */,
				98AA39CF28EE2CA600F34D0B /* NineTillFiveUITests */,
				98AA39AD28EE2CA500F34D0B /* Products */,
			);
			sourceTree = "<group>";
		};
		98AA39AD28EE2CA500F34D0B /* Products */ = {
			isa = PBXGroup;
			children = (
				98AA39AC28EE2CA500F34D0B /* NineTillFive.app */,
				98AA39C228EE2CA600F34D0B /* NineTillFiveTests.xctest */,
				98AA39CC28EE2CA600F34D0B /* NineTillFiveUITests.xctest */,
			);
			name = Products;
			sourceTree = "<group>";
		};
		98AA39AE28EE2CA500F34D0B /* NineTillFive */ = {
			isa = PBXGroup;
			children = (
				980BDF0C2922F29800FF098E /* Builders */,
				98AA39DF28EE345500F34D0B /* Models */,
				986E70DB2928E58D00FA080A /* TableViewControllers */,
				986C0C07292839FD00093680 /* ViewController */,
				98AA39AF28EE2CA500F34D0B /* AppDelegate.swift */,
				98AA39B128EE2CA500F34D0B /* SceneDelegate.swift */,
				98AA39B528EE2CA500F34D0B /* Main.storyboard */,
				98AA39B828EE2CA600F34D0B /* Assets.xcassets */,
				98AA39BA28EE2CA600F34D0B /* LaunchScreen.storyboard */,
				98AA39BD28EE2CA600F34D0B /* Info.plist */,
			);
			path = NineTillFive;
			sourceTree = "<group>";
		};
		98AA39C528EE2CA600F34D0B /* NineTillFiveTests */ = {
			isa = PBXGroup;
			children = (
				98AA39C628EE2CA600F34D0B /* NineTillFiveTests.swift */,
				98AA39E228EE3B9A00F34D0B /* WordayTests.swift */,
				980BDF042922E73E00FF098E /* TimePartTests.swift */,
				980BDF082922F0B500FF098E /* WorkdayBuilderTests.swift */,
			);
			path = NineTillFiveTests;
			sourceTree = "<group>";
		};
		98AA39CF28EE2CA600F34D0B /* NineTillFiveUITests */ = {
			isa = PBXGroup;
			children = (
				98AA39D028EE2CA600F34D0B /* NineTillFiveUITests.swift */,
				98AA39D228EE2CA600F34D0B /* NineTillFiveUITestsLaunchTests.swift */,
			);
			path = NineTillFiveUITests;
			sourceTree = "<group>";
		};
		98AA39DF28EE345500F34D0B /* Models */ = {
			isa = PBXGroup;
			children = (
				98AA39E028EE346200F34D0B /* Workday.swift */,
				980BDF062922E7EF00FF098E /* TimePart.swift */,
			);
			name = Models;
			sourceTree = "<group>";
		};
/* End PBXGroup section */

/* Begin PBXNativeTarget section */
		98AA39AB28EE2CA500F34D0B /* NineTillFive */ = {
			isa = PBXNativeTarget;
			buildConfigurationList = 98AA39D628EE2CA600F34D0B /* Build configuration list for PBXNativeTarget "NineTillFive" */;
			buildPhases = (
				98AA39A828EE2CA500F34D0B /* Sources */,
				98AA39A928EE2CA500F34D0B /* Frameworks */,
				98AA39AA28EE2CA500F34D0B /* Resources */,
			);
			buildRules = (
			);
			dependencies = (
			);
			name = NineTillFive;
			productName = NineTillFive;
			productReference = 98AA39AC28EE2CA500F34D0B /* NineTillFive.app */;
			productType = "com.apple.product-type.application";
		};
		98AA39C128EE2CA600F34D0B /* NineTillFiveTests */ = {
			isa = PBXNativeTarget;
			buildConfigurationList = 98AA39D928EE2CA600F34D0B /* Build configuration list for PBXNativeTarget "NineTillFiveTests" */;
			buildPhases = (
				98AA39BE28EE2CA600F34D0B /* Sources */,
				98AA39BF28EE2CA600F34D0B /* Frameworks */,
				98AA39C028EE2CA600F34D0B /* Resources */,
			);
			buildRules = (
			);
			dependencies = (
				98AA39C428EE2CA600F34D0B /* PBXTargetDependency */,
			);
			name = NineTillFiveTests;
			productName = NineTillFiveTests;
			productReference = 98AA39C228EE2CA600F34D0B /* NineTillFiveTests.xctest */;
			productType = "com.apple.product-type.bundle.unit-test";
		};
		98AA39CB28EE2CA600F34D0B /* NineTillFiveUITests */ = {
			isa = PBXNativeTarget;
			buildConfigurationList = 98AA39DC28EE2CA600F34D0B /* Build configuration list for PBXNativeTarget "NineTillFiveUITests" */;
			buildPhases = (
				98AA39C828EE2CA600F34D0B /* Sources */,
				98AA39C928EE2CA600F34D0B /* Frameworks */,
				98AA39CA28EE2CA600F34D0B /* Resources */,
			);
			buildRules = (
			);
			dependencies = (
				98AA39CE28EE2CA600F34D0B /* PBXTargetDependency */,
			);
			name = NineTillFiveUITests;
			productName = NineTillFiveUITests;
			productReference = 98AA39CC28EE2CA600F34D0B /* NineTillFiveUITests.xctest */;
			productType = "com.apple.product-type.bundle.ui-testing";
		};
/* End PBXNativeTarget section */

/* Begin PBXProject section */
		98AA39A428EE2CA500F34D0B /* Project object */ = {
			isa = PBXProject;
			attributes = {
				BuildIndependentTargetsInParallel = 1;
				LastSwiftUpdateCheck = 1340;
				LastUpgradeCheck = 1340;
				TargetAttributes = {
					98AA39AB28EE2CA500F34D0B = {
						CreatedOnToolsVersion = 13.4.1;
					};
					98AA39C128EE2CA600F34D0B = {
						CreatedOnToolsVersion = 13.4.1;
						TestTargetID = 98AA39AB28EE2CA500F34D0B;
					};
					98AA39CB28EE2CA600F34D0B = {
						CreatedOnToolsVersion = 13.4.1;
						TestTargetID = 98AA39AB28EE2CA500F34D0B;
					};
				};
			};
			buildConfigurationList = 98AA39A728EE2CA500F34D0B /* Build configuration list for PBXProject "NineTillFive" */;
			compatibilityVersion = "Xcode 13.0";
			developmentRegion = en;
			hasScannedForEncodings = 0;
			knownRegions = (
				en,
				Base,
			);
			mainGroup = 98AA39A328EE2CA500F34D0B;
			productRefGroup = 98AA39AD28EE2CA500F34D0B /* Products */;
			projectDirPath = "";
			projectRoot = "";
			targets = (
				98AA39AB28EE2CA500F34D0B /* NineTillFive */,
				98AA39C128EE2CA600F34D0B /* NineTillFiveTests */,
				98AA39CB28EE2CA600F34D0B /* NineTillFiveUITests */,
			);
		};
/* End PBXProject section */

/* Begin PBXResourcesBuildPhase section */
		98AA39AA28EE2CA500F34D0B /* Resources */ = {
			isa = PBXResourcesBuildPhase;
			buildActionMask = 2147483647;
			files = (
				98AA39BC28EE2CA600F34D0B /* LaunchScreen.storyboard in Resources */,
				98AA39B928EE2CA600F34D0B /* Assets.xcassets in Resources */,
				98AA39B728EE2CA500F34D0B /* Main.storyboard in Resources */,
			);
			runOnlyForDeploymentPostprocessing = 0;
		};
		98AA39C028EE2CA600F34D0B /* Resources */ = {
			isa = PBXResourcesBuildPhase;
			buildActionMask = 2147483647;
			files = (
			);
			runOnlyForDeploymentPostprocessing = 0;
		};
		98AA39CA28EE2CA600F34D0B /* Resources */ = {
			isa = PBXResourcesBuildPhase;
			buildActionMask = 2147483647;
			files = (
			);
			runOnlyForDeploymentPostprocessing = 0;
		};
/* End PBXResourcesBuildPhase section */

/* Begin PBXSourcesBuildPhase section */
		98AA39A828EE2CA500F34D0B /* Sources */ = {
			isa = PBXSourcesBuildPhase;
			buildActionMask = 2147483647;
			files = (
				986E70DD2928E5AD00FA080A /* WorkdayTableViewController.swift in Sources */,
				98AA39B428EE2CA500F34D0B /* ViewController.swift in Sources */,
				980BDF152922F67000FF098E /* ConcreteWorkdayBuilder.swift in Sources */,
				980BDF132922F5D300FF098E /* WorkdayBuilder.swift in Sources */,
				98AA39E128EE346200F34D0B /* Workday.swift in Sources */,
				980BDF072922E7EF00FF098E /* TimePart.swift in Sources */,
				98AA39B028EE2CA500F34D0B /* AppDelegate.swift in Sources */,
				98AA39B228EE2CA500F34D0B /* SceneDelegate.swift in Sources */,
			);
			runOnlyForDeploymentPostprocessing = 0;
		};
		98AA39BE28EE2CA600F34D0B /* Sources */ = {
			isa = PBXSourcesBuildPhase;
			buildActionMask = 2147483647;
			files = (
				980BDF052922E73E00FF098E /* TimePartTests.swift in Sources */,
				98AA39C728EE2CA600F34D0B /* NineTillFiveTests.swift in Sources */,
				98AA39E328EE3B9A00F34D0B /* WordayTests.swift in Sources */,
				980BDF092922F0B500FF098E /* WorkdayBuilderTests.swift in Sources */,
			);
			runOnlyForDeploymentPostprocessing = 0;
		};
		98AA39C828EE2CA600F34D0B /* Sources */ = {
			isa = PBXSourcesBuildPhase;
			buildActionMask = 2147483647;
			files = (
				98AA39D128EE2CA600F34D0B /* NineTillFiveUITests.swift in Sources */,
				98AA39D328EE2CA600F34D0B /* NineTillFiveUITestsLaunchTests.swift in Sources */,
			);
			runOnlyForDeploymentPostprocessing = 0;
		};
/* End PBXSourcesBuildPhase section */

/* Begin PBXTargetDependency section */
		98AA39C428EE2CA600F34D0B /* PBXTargetDependency */ = {
			isa = PBXTargetDependency;
			target = 98AA39AB28EE2CA500F34D0B /* NineTillFive */;
			targetProxy = 98AA39C328EE2CA600F34D0B /* PBXContainerItemProxy */;
		};
		98AA39CE28EE2CA600F34D0B /* PBXTargetDependency */ = {
			isa = PBXTargetDependency;
			target = 98AA39AB28EE2CA500F34D0B /* NineTillFive */;
			targetProxy = 98AA39CD28EE2CA600F34D0B /* PBXContainerItemProxy */;
		};
/* End PBXTargetDependency section */

/* Begin PBXVariantGroup section */
		98AA39B528EE2CA500F34D0B /* Main.storyboard */ = {
			isa = PBXVariantGroup;
			children = (
				98AA39B628EE2CA500F34D0B /* Base */,
			);
			name = Main.storyboard;
			sourceTree = "<group>";
		};
		98AA39BA28EE2CA600F34D0B /* LaunchScreen.storyboard */ = {
			isa = PBXVariantGroup;
			children = (
				98AA39BB28EE2CA600F34D0B /* Base */,
			);
			name = LaunchScreen.storyboard;
			sourceTree = "<group>";
		};
/* End PBXVariantGroup section */

/* Begin XCBuildConfiguration section */
		98AA39D428EE2CA600F34D0B /* Debug */ = {
			isa = XCBuildConfiguration;
			buildSettings = {
				ALWAYS_SEARCH_USER_PATHS = NO;
				CLANG_ANALYZER_NONNULL = YES;
				CLANG_ANALYZER_NUMBER_OBJECT_CONVERSION = YES_AGGRESSIVE;
				CLANG_CXX_LANGUAGE_STANDARD = "gnu++17";
				CLANG_ENABLE_MODULES = YES;
				CLANG_ENABLE_OBJC_ARC = YES;
				CLANG_ENABLE_OBJC_WEAK = YES;
				CLANG_WARN_BLOCK_CAPTURE_AUTORELEASING = YES;
				CLANG_WARN_BOOL_CONVERSION = YES;
				CLANG_WARN_COMMA = YES;
				CLANG_WARN_CONSTANT_CONVERSION = YES;
				CLANG_WARN_DEPRECATED_OBJC_IMPLEMENTATIONS = YES;
				CLANG_WARN_DIRECT_OBJC_ISA_USAGE = YES_ERROR;
				CLANG_WARN_DOCUMENTATION_COMMENTS = YES;
				CLANG_WARN_EMPTY_BODY = YES;
				CLANG_WARN_ENUM_CONVERSION = YES;
				CLANG_WARN_INFINITE_RECURSION = YES;
				CLANG_WARN_INT_CONVERSION = YES;
				CLANG_WARN_NON_LITERAL_NULL_CONVERSION = YES;
				CLANG_WARN_OBJC_IMPLICIT_RETAIN_SELF = YES;
				CLANG_WARN_OBJC_LITERAL_CONVERSION = YES;
				CLANG_WARN_OBJC_ROOT_CLASS = YES_ERROR;
				CLANG_WARN_QUOTED_INCLUDE_IN_FRAMEWORK_HEADER = YES;
				CLANG_WARN_RANGE_LOOP_ANALYSIS = YES;
				CLANG_WARN_STRICT_PROTOTYPES = YES;
				CLANG_WARN_SUSPICIOUS_MOVE = YES;
				CLANG_WARN_UNGUARDED_AVAILABILITY = YES_AGGRESSIVE;
				CLANG_WARN_UNREACHABLE_CODE = YES;
				CLANG_WARN__DUPLICATE_METHOD_MATCH = YES;
				COPY_PHASE_STRIP = NO;
				DEBUG_INFORMATION_FORMAT = dwarf;
				ENABLE_STRICT_OBJC_MSGSEND = YES;
				ENABLE_TESTABILITY = YES;
				GCC_C_LANGUAGE_STANDARD = gnu11;
				GCC_DYNAMIC_NO_PIC = NO;
				GCC_NO_COMMON_BLOCKS = YES;
				GCC_OPTIMIZATION_LEVEL = 0;
				GCC_PREPROCESSOR_DEFINITIONS = (
					"DEBUG=1",
					"$(inherited)",
				);
				GCC_WARN_64_TO_32_BIT_CONVERSION = YES;
				GCC_WARN_ABOUT_RETURN_TYPE = YES_ERROR;
				GCC_WARN_UNDECLARED_SELECTOR = YES;
				GCC_WARN_UNINITIALIZED_AUTOS = YES_AGGRESSIVE;
				GCC_WARN_UNUSED_FUNCTION = YES;
				GCC_WARN_UNUSED_VARIABLE = YES;
				IPHONEOS_DEPLOYMENT_TARGET = 15.5;
				MTL_ENABLE_DEBUG_INFO = INCLUDE_SOURCE;
				MTL_FAST_MATH = YES;
				ONLY_ACTIVE_ARCH = YES;
				SDKROOT = iphoneos;
				SWIFT_ACTIVE_COMPILATION_CONDITIONS = DEBUG;
				SWIFT_OPTIMIZATION_LEVEL = "-Onone";
			};
			name = Debug;
		};
		98AA39D528EE2CA600F34D0B /* Release */ = {
			isa = XCBuildConfiguration;
			buildSettings = {
				ALWAYS_SEARCH_USER_PATHS = NO;
				CLANG_ANALYZER_NONNULL = YES;
				CLANG_ANALYZER_NUMBER_OBJECT_CONVERSION = YES_AGGRESSIVE;
				CLANG_CXX_LANGUAGE_STANDARD = "gnu++17";
				CLANG_ENABLE_MODULES = YES;
				CLANG_ENABLE_OBJC_ARC = YES;
				CLANG_ENABLE_OBJC_WEAK = YES;
				CLANG_WARN_BLOCK_CAPTURE_AUTORELEASING = YES;
				CLANG_WARN_BOOL_CONVERSION = YES;
				CLANG_WARN_COMMA = YES;
				CLANG_WARN_CONSTANT_CONVERSION = YES;
				CLANG_WARN_DEPRECATED_OBJC_IMPLEMENTATIONS = YES;
				CLANG_WARN_DIRECT_OBJC_ISA_USAGE = YES_ERROR;
				CLANG_WARN_DOCUMENTATION_COMMENTS = YES;
				CLANG_WARN_EMPTY_BODY = YES;
				CLANG_WARN_ENUM_CONVERSION = YES;
				CLANG_WARN_INFINITE_RECURSION = YES;
				CLANG_WARN_INT_CONVERSION = YES;
				CLANG_WARN_NON_LITERAL_NULL_CONVERSION = YES;
				CLANG_WARN_OBJC_IMPLICIT_RETAIN_SELF = YES;
				CLANG_WARN_OBJC_LITERAL_CONVERSION = YES;
				CLANG_WARN_OBJC_ROOT_CLASS = YES_ERROR;
				CLANG_WARN_QUOTED_INCLUDE_IN_FRAMEWORK_HEADER = YES;
				CLANG_WARN_RANGE_LOOP_ANALYSIS = YES;
				CLANG_WARN_STRICT_PROTOTYPES = YES;
				CLANG_WARN_SUSPICIOUS_MOVE = YES;
				CLANG_WARN_UNGUARDED_AVAILABILITY = YES_AGGRESSIVE;
				CLANG_WARN_UNREACHABLE_CODE = YES;
				CLANG_WARN__DUPLICATE_METHOD_MATCH = YES;
				COPY_PHASE_STRIP = NO;
				DEBUG_INFORMATION_FORMAT = "dwarf-with-dsym";
				ENABLE_NS_ASSERTIONS = NO;
				ENABLE_STRICT_OBJC_MSGSEND = YES;
				GCC_C_LANGUAGE_STANDARD = gnu11;
				GCC_NO_COMMON_BLOCKS = YES;
				GCC_WARN_64_TO_32_BIT_CONVERSION = YES;
				GCC_WARN_ABOUT_RETURN_TYPE = YES_ERROR;
				GCC_WARN_UNDECLARED_SELECTOR = YES;
				GCC_WARN_UNINITIALIZED_AUTOS = YES_AGGRESSIVE;
				GCC_WARN_UNUSED_FUNCTION = YES;
				GCC_WARN_UNUSED_VARIABLE = YES;
				IPHONEOS_DEPLOYMENT_TARGET = 15.5;
				MTL_ENABLE_DEBUG_INFO = NO;
				MTL_FAST_MATH = YES;
				SDKROOT = iphoneos;
				SWIFT_COMPILATION_MODE = wholemodule;
				SWIFT_OPTIMIZATION_LEVEL = "-O";
				VALIDATE_PRODUCT = YES;
			};
			name = Release;
		};
		98AA39D728EE2CA600F34D0B /* Debug */ = {
			isa = XCBuildConfiguration;
			buildSettings = {
				ASSETCATALOG_COMPILER_APPICON_NAME = AppIcon;
				ASSETCATALOG_COMPILER_GLOBAL_ACCENT_COLOR_NAME = AccentColor;
				CODE_SIGN_STYLE = Automatic;
				CURRENT_PROJECT_VERSION = 1;
				DEVELOPMENT_TEAM = KP5LQ7X2JR;
				GENERATE_INFOPLIST_FILE = YES;
				INFOPLIST_FILE = NineTillFive/Info.plist;
				INFOPLIST_KEY_UIApplicationSupportsIndirectInputEvents = YES;
				INFOPLIST_KEY_UILaunchStoryboardName = LaunchScreen;
				INFOPLIST_KEY_UIMainStoryboardFile = Main;
				INFOPLIST_KEY_UISupportedInterfaceOrientations_iPad = "UIInterfaceOrientationPortrait UIInterfaceOrientationPortraitUpsideDown UIInterfaceOrientationLandscapeLeft UIInterfaceOrientationLandscapeRight";
				INFOPLIST_KEY_UISupportedInterfaceOrientations_iPhone = "UIInterfaceOrientationPortrait UIInterfaceOrientationLandscapeLeft UIInterfaceOrientationLandscapeRight";
				LD_RUNPATH_SEARCH_PATHS = (
					"$(inherited)",
					"@executable_path/Frameworks",
				);
				MARKETING_VERSION = 1.0;
				PRODUCT_BUNDLE_IDENTIFIER = com.bkcreate.NineTillFive;
				PRODUCT_NAME = "$(TARGET_NAME)";
				SWIFT_EMIT_LOC_STRINGS = YES;
				SWIFT_VERSION = 5.0;
				TARGETED_DEVICE_FAMILY = 1;
			};
			name = Debug;
		};
		98AA39D828EE2CA600F34D0B /* Release */ = {
			isa = XCBuildConfiguration;
			buildSettings = {
				ASSETCATALOG_COMPILER_APPICON_NAME = AppIcon;
				ASSETCATALOG_COMPILER_GLOBAL_ACCENT_COLOR_NAME = AccentColor;
				CODE_SIGN_STYLE = Automatic;
				CURRENT_PROJECT_VERSION = 1;
				DEVELOPMENT_TEAM = KP5LQ7X2JR;
				GENERATE_INFOPLIST_FILE = YES;
				INFOPLIST_FILE = NineTillFive/Info.plist;
				INFOPLIST_KEY_UIApplicationSupportsIndirectInputEvents = YES;
				INFOPLIST_KEY_UILaunchStoryboardName = LaunchScreen;
				INFOPLIST_KEY_UIMainStoryboardFile = Main;
				INFOPLIST_KEY_UISupportedInterfaceOrientations_iPad = "UIInterfaceOrientationPortrait UIInterfaceOrientationPortraitUpsideDown UIInterfaceOrientationLandscapeLeft UIInterfaceOrientationLandscapeRight";
				INFOPLIST_KEY_UISupportedInterfaceOrientations_iPhone = "UIInterfaceOrientationPortrait UIInterfaceOrientationLandscapeLeft UIInterfaceOrientationLandscapeRight";
				LD_RUNPATH_SEARCH_PATHS = (
					"$(inherited)",
					"@executable_path/Frameworks",
				);
				MARKETING_VERSION = 1.0;
				PRODUCT_BUNDLE_IDENTIFIER = com.bkcreate.NineTillFive;
				PRODUCT_NAME = "$(TARGET_NAME)";
				SWIFT_EMIT_LOC_STRINGS = YES;
				SWIFT_VERSION = 5.0;
				TARGETED_DEVICE_FAMILY = 1;
			};
			name = Release;
		};
		98AA39DA28EE2CA600F34D0B /* Debug */ = {
			isa = XCBuildConfiguration;
			buildSettings = {
				ALWAYS_EMBED_SWIFT_STANDARD_LIBRARIES = YES;
				BUNDLE_LOADER = "$(TEST_HOST)";
				CODE_SIGN_STYLE = Automatic;
				CURRENT_PROJECT_VERSION = 1;
				DEVELOPMENT_TEAM = KP5LQ7X2JR;
				GENERATE_INFOPLIST_FILE = YES;
				IPHONEOS_DEPLOYMENT_TARGET = 15.5;
				MARKETING_VERSION = 1.0;
				PRODUCT_BUNDLE_IDENTIFIER = com.bkcreate.NineTillFiveTests;
				PRODUCT_NAME = "$(TARGET_NAME)";
				SWIFT_EMIT_LOC_STRINGS = NO;
				SWIFT_VERSION = 5.0;
				TARGETED_DEVICE_FAMILY = "1,2";
				TEST_HOST = "$(BUILT_PRODUCTS_DIR)/NineTillFive.app/NineTillFive";
			};
			name = Debug;
		};
		98AA39DB28EE2CA600F34D0B /* Release */ = {
			isa = XCBuildConfiguration;
			buildSettings = {
				ALWAYS_EMBED_SWIFT_STANDARD_LIBRARIES = YES;
				BUNDLE_LOADER = "$(TEST_HOST)";
				CODE_SIGN_STYLE = Automatic;
				CURRENT_PROJECT_VERSION = 1;
				DEVELOPMENT_TEAM = KP5LQ7X2JR;
				GENERATE_INFOPLIST_FILE = YES;
				IPHONEOS_DEPLOYMENT_TARGET = 15.5;
				MARKETING_VERSION = 1.0;
				PRODUCT_BUNDLE_IDENTIFIER = com.bkcreate.NineTillFiveTests;
				PRODUCT_NAME = "$(TARGET_NAME)";
				SWIFT_EMIT_LOC_STRINGS = NO;
				SWIFT_VERSION = 5.0;
				TARGETED_DEVICE_FAMILY = "1,2";
				TEST_HOST = "$(BUILT_PRODUCTS_DIR)/NineTillFive.app/NineTillFive";
			};
			name = Release;
		};
		98AA39DD28EE2CA600F34D0B /* Debug */ = {
			isa = XCBuildConfiguration;
			buildSettings = {
				ALWAYS_EMBED_SWIFT_STANDARD_LIBRARIES = YES;
				CODE_SIGN_STYLE = Automatic;
				CURRENT_PROJECT_VERSION = 1;
				DEVELOPMENT_TEAM = KP5LQ7X2JR;
				GENERATE_INFOPLIST_FILE = YES;
				MARKETING_VERSION = 1.0;
				PRODUCT_BUNDLE_IDENTIFIER = com.bkcreate.NineTillFiveUITests;
				PRODUCT_NAME = "$(TARGET_NAME)";
				SWIFT_EMIT_LOC_STRINGS = NO;
				SWIFT_VERSION = 5.0;
				TARGETED_DEVICE_FAMILY = "1,2";
				TEST_TARGET_NAME = NineTillFive;
			};
			name = Debug;
		};
		98AA39DE28EE2CA600F34D0B /* Release */ = {
			isa = XCBuildConfiguration;
			buildSettings = {
				ALWAYS_EMBED_SWIFT_STANDARD_LIBRARIES = YES;
				CODE_SIGN_STYLE = Automatic;
				CURRENT_PROJECT_VERSION = 1;
				DEVELOPMENT_TEAM = KP5LQ7X2JR;
				GENERATE_INFOPLIST_FILE = YES;
				MARKETING_VERSION = 1.0;
				PRODUCT_BUNDLE_IDENTIFIER = com.bkcreate.NineTillFiveUITests;
				PRODUCT_NAME = "$(TARGET_NAME)";
				SWIFT_EMIT_LOC_STRINGS = NO;
				SWIFT_VERSION = 5.0;
				TARGETED_DEVICE_FAMILY = "1,2";
				TEST_TARGET_NAME = NineTillFive;
			};
			name = Release;
		};
/* End XCBuildConfiguration section */

/* Begin XCConfigurationList section */
		98AA39A728EE2CA500F34D0B /* Build configuration list for PBXProject "NineTillFive" */ = {
			isa = XCConfigurationList;
			buildConfigurations = (
				98AA39D428EE2CA600F34D0B /* Debug */,
				98AA39D528EE2CA600F34D0B /* Release */,
			);
			defaultConfigurationIsVisible = 0;
			defaultConfigurationName = Release;
		};
		98AA39D628EE2CA600F34D0B /* Build configuration list for PBXNativeTarget "NineTillFive" */ = {
			isa = XCConfigurationList;
			buildConfigurations = (
				98AA39D728EE2CA600F34D0B /* Debug */,
				98AA39D828EE2CA600F34D0B /* Release */,
			);
			defaultConfigurationIsVisible = 0;
			defaultConfigurationName = Release;
		};
		98AA39D928EE2CA600F34D0B /* Build configuration list for PBXNativeTarget "NineTillFiveTests" */ = {
			isa = XCConfigurationList;
			buildConfigurations = (
				98AA39DA28EE2CA600F34D0B /* Debug */,
				98AA39DB28EE2CA600F34D0B /* Release */,
			);
			defaultConfigurationIsVisible = 0;
			defaultConfigurationName = Release;
		};
		98AA39DC28EE2CA600F34D0B /* Build configuration list for PBXNativeTarget "NineTillFiveUITests" */ = {
			isa = XCConfigurationList;
			buildConfigurations = (
				98AA39DD28EE2CA600F34D0B /* Debug */,
				98AA39DE28EE2CA600F34D0B /* Release */,
			);
			defaultConfigurationIsVisible = 0;
			defaultConfigurationName = Release;
		};
/* End XCConfigurationList section */
	};
	rootObject = 98AA39A428EE2CA500F34D0B /* Project object */;
}
